// !$*UTF8*$!
{
	archiveVersion = 1;
	classes = {
	};
	objectVersion = 56;
	objects = {

/* Begin PBXBuildFile section */
		160ECD2A2B6B73530025A1D6 /* StorageManager.swift in Sources */ = {isa = PBXBuildFile; fileRef = 160ECD292B6B73530025A1D6 /* StorageManager.swift */; };
		160ECD312B6B7E090025A1D6 /* Category+CoreData.swift in Sources */ = {isa = PBXBuildFile; fileRef = 160ECD2D2B6B7E090025A1D6 /* Category+CoreData.swift */; };
		160ECD332B6B7E090025A1D6 /* Note+CoreData.swift in Sources */ = {isa = PBXBuildFile; fileRef = 160ECD2F2B6B7E090025A1D6 /* Note+CoreData.swift */; };
		160ECD372B6BC2C50025A1D6 /* RepetitionList+CoreData.swift in Sources */ = {isa = PBXBuildFile; fileRef = 160ECD362B6BC2C50025A1D6 /* RepetitionList+CoreData.swift */; };
		16110F2F2B6A58E300471512 /* MultilineTextView.swift in Sources */ = {isa = PBXBuildFile; fileRef = 16110F2E2B6A58E300471512 /* MultilineTextView.swift */; };
		16110F312B6A624600471512 /* View+Ext.swift in Sources */ = {isa = PBXBuildFile; fileRef = 16110F302B6A624600471512 /* View+Ext.swift */; };
		16110F352B6A66C400471512 /* NavigationTopView.swift in Sources */ = {isa = PBXBuildFile; fileRef = 16110F342B6A66C400471512 /* NavigationTopView.swift */; };
		16110F372B6A6AEE00471512 /* BackButtonStyle.swift in Sources */ = {isa = PBXBuildFile; fileRef = 16110F362B6A6AEE00471512 /* BackButtonStyle.swift */; };
		162247D82B64F537007A61EF /* RepeatlyApp.swift in Sources */ = {isa = PBXBuildFile; fileRef = 162247D72B64F537007A61EF /* RepeatlyApp.swift */; };
		162247DC2B64F538007A61EF /* Assets.xcassets in Resources */ = {isa = PBXBuildFile; fileRef = 162247DB2B64F538007A61EF /* Assets.xcassets */; };
		162247DF2B64F538007A61EF /* Preview Assets.xcassets in Resources */ = {isa = PBXBuildFile; fileRef = 162247DE2B64F538007A61EF /* Preview Assets.xcassets */; };
		162247ED2B6500EC007A61EF /* HomeView.swift in Sources */ = {isa = PBXBuildFile; fileRef = 162247EC2B6500EC007A61EF /* HomeView.swift */; };
		162247F82B650C64007A61EF /* Gilroy-Regular.otf in Resources */ = {isa = PBXBuildFile; fileRef = 162247F42B650C64007A61EF /* Gilroy-Regular.otf */; };
		162247FA2B650C64007A61EF /* Gilroy-Bold.otf in Resources */ = {isa = PBXBuildFile; fileRef = 162247F62B650C64007A61EF /* Gilroy-Bold.otf */; };
		162247FB2B650C64007A61EF /* Gilroy-Medium.otf in Resources */ = {isa = PBXBuildFile; fileRef = 162247F72B650C64007A61EF /* Gilroy-Medium.otf */; };
		162247FF2B650E60007A61EF /* Font+Ext.swift in Sources */ = {isa = PBXBuildFile; fileRef = 162247FE2B650E60007A61EF /* Font+Ext.swift */; };
		162248022B65156A007A61EF /* CardView.swift in Sources */ = {isa = PBXBuildFile; fileRef = 162248012B65156A007A61EF /* CardView.swift */; };
		162248042B65194D007A61EF /* Gilroy-SemiBold.otf in Resources */ = {isa = PBXBuildFile; fileRef = 162248032B65194D007A61EF /* Gilroy-SemiBold.otf */; };
		162248062B657B5A007A61EF /* Color+Ext.swift in Sources */ = {isa = PBXBuildFile; fileRef = 162248052B657B5A007A61EF /* Color+Ext.swift */; };
		164870582B70C3E0000BD34B /* ListEmptyView.swift in Sources */ = {isa = PBXBuildFile; fileRef = 164870572B70C3E0000BD34B /* ListEmptyView.swift */; };
		1648705A2B70D015000BD34B /* MainButtonStyle.swift in Sources */ = {isa = PBXBuildFile; fileRef = 164870592B70D015000BD34B /* MainButtonStyle.swift */; };
		166693102B6785A9008F8850 /* CategoryRoundView.swift in Sources */ = {isa = PBXBuildFile; fileRef = 1666930F2B6785A9008F8850 /* CategoryRoundView.swift */; };
		1668329C2B680BB000576DA5 /* MainView.swift in Sources */ = {isa = PBXBuildFile; fileRef = 1668329B2B680BB000576DA5 /* MainView.swift */; };
		1668329E2B680C9A00576DA5 /* SettingsView.swift in Sources */ = {isa = PBXBuildFile; fileRef = 1668329D2B680C9A00576DA5 /* SettingsView.swift */; };
		166832A12B680EF900576DA5 /* CreateNoteView.swift in Sources */ = {isa = PBXBuildFile; fileRef = 166832A02B680EF900576DA5 /* CreateNoteView.swift */; };
		166A677E2B6D621700102BA5 /* CategoryView.swift in Sources */ = {isa = PBXBuildFile; fileRef = 166A677D2B6D621700102BA5 /* CategoryView.swift */; };
		166A67802B6D689200102BA5 /* CategoriesListView.swift in Sources */ = {isa = PBXBuildFile; fileRef = 166A677F2B6D689200102BA5 /* CategoriesListView.swift */; };
		166A67862B6F914900102BA5 /* Repeatly.xcdatamodeld in Sources */ = {isa = PBXBuildFile; fileRef = 166A67842B6F914900102BA5 /* Repeatly.xcdatamodeld */; };
		169BFB952B65AB6000DEBEB6 /* SectionHeaderView.swift in Sources */ = {isa = PBXBuildFile; fileRef = 169BFB942B65AB6000DEBEB6 /* SectionHeaderView.swift */; };
		16A7DD4B2B7777820072A3F7 /* BorderedTextFieldStyle.swift in Sources */ = {isa = PBXBuildFile; fileRef = 16A7DD4A2B7777820072A3F7 /* BorderedTextFieldStyle.swift */; };
		16A7DD4D2B7784610072A3F7 /* TextEditor+Ext.swift in Sources */ = {isa = PBXBuildFile; fileRef = 16A7DD4C2B7784610072A3F7 /* TextEditor+Ext.swift */; };
/* End PBXBuildFile section */

/* Begin PBXFileReference section */
		160ECD292B6B73530025A1D6 /* StorageManager.swift */ = {isa = PBXFileReference; lastKnownFileType = sourcecode.swift; path = StorageManager.swift; sourceTree = "<group>"; };
		160ECD2D2B6B7E090025A1D6 /* Category+CoreData.swift */ = {isa = PBXFileReference; lastKnownFileType = sourcecode.swift; path = "Category+CoreData.swift"; sourceTree = "<group>"; };
		160ECD2F2B6B7E090025A1D6 /* Note+CoreData.swift */ = {isa = PBXFileReference; lastKnownFileType = sourcecode.swift; path = "Note+CoreData.swift"; sourceTree = "<group>"; };
		160ECD362B6BC2C50025A1D6 /* RepetitionList+CoreData.swift */ = {isa = PBXFileReference; lastKnownFileType = sourcecode.swift; path = "RepetitionList+CoreData.swift"; sourceTree = "<group>"; };
		16110F2E2B6A58E300471512 /* MultilineTextView.swift */ = {isa = PBXFileReference; lastKnownFileType = sourcecode.swift; path = MultilineTextView.swift; sourceTree = "<group>"; };
		16110F302B6A624600471512 /* View+Ext.swift */ = {isa = PBXFileReference; lastKnownFileType = sourcecode.swift; path = "View+Ext.swift"; sourceTree = "<group>"; };
		16110F342B6A66C400471512 /* NavigationTopView.swift */ = {isa = PBXFileReference; lastKnownFileType = sourcecode.swift; path = NavigationTopView.swift; sourceTree = "<group>"; };
		16110F362B6A6AEE00471512 /* BackButtonStyle.swift */ = {isa = PBXFileReference; lastKnownFileType = sourcecode.swift; path = BackButtonStyle.swift; sourceTree = "<group>"; };
		162247D42B64F537007A61EF /* Repeatly.app */ = {isa = PBXFileReference; explicitFileType = wrapper.application; includeInIndex = 0; path = Repeatly.app; sourceTree = BUILT_PRODUCTS_DIR; };
		162247D72B64F537007A61EF /* RepeatlyApp.swift */ = {isa = PBXFileReference; lastKnownFileType = sourcecode.swift; path = RepeatlyApp.swift; sourceTree = "<group>"; };
		162247DB2B64F538007A61EF /* Assets.xcassets */ = {isa = PBXFileReference; lastKnownFileType = folder.assetcatalog; path = Assets.xcassets; sourceTree = "<group>"; };
		162247DE2B64F538007A61EF /* Preview Assets.xcassets */ = {isa = PBXFileReference; lastKnownFileType = folder.assetcatalog; path = "Preview Assets.xcassets"; sourceTree = "<group>"; };
		162247EC2B6500EC007A61EF /* HomeView.swift */ = {isa = PBXFileReference; lastKnownFileType = sourcecode.swift; path = HomeView.swift; sourceTree = "<group>"; };
		162247F42B650C64007A61EF /* Gilroy-Regular.otf */ = {isa = PBXFileReference; lastKnownFileType = file; path = "Gilroy-Regular.otf"; sourceTree = "<group>"; };
		162247F62B650C64007A61EF /* Gilroy-Bold.otf */ = {isa = PBXFileReference; lastKnownFileType = file; path = "Gilroy-Bold.otf"; sourceTree = "<group>"; };
		162247F72B650C64007A61EF /* Gilroy-Medium.otf */ = {isa = PBXFileReference; lastKnownFileType = file; path = "Gilroy-Medium.otf"; sourceTree = "<group>"; };
		162247FE2B650E60007A61EF /* Font+Ext.swift */ = {isa = PBXFileReference; lastKnownFileType = sourcecode.swift; path = "Font+Ext.swift"; sourceTree = "<group>"; };
		162248002B650EAA007A61EF /* Info.plist */ = {isa = PBXFileReference; lastKnownFileType = text.plist; path = Info.plist; sourceTree = "<group>"; };
		162248012B65156A007A61EF /* CardView.swift */ = {isa = PBXFileReference; lastKnownFileType = sourcecode.swift; path = CardView.swift; sourceTree = "<group>"; };
		162248032B65194D007A61EF /* Gilroy-SemiBold.otf */ = {isa = PBXFileReference; lastKnownFileType = file; path = "Gilroy-SemiBold.otf"; sourceTree = "<group>"; };
		162248052B657B5A007A61EF /* Color+Ext.swift */ = {isa = PBXFileReference; lastKnownFileType = sourcecode.swift; path = "Color+Ext.swift"; sourceTree = "<group>"; };
		164870572B70C3E0000BD34B /* ListEmptyView.swift */ = {isa = PBXFileReference; lastKnownFileType = sourcecode.swift; path = ListEmptyView.swift; sourceTree = "<group>"; };
		164870592B70D015000BD34B /* MainButtonStyle.swift */ = {isa = PBXFileReference; lastKnownFileType = sourcecode.swift; path = MainButtonStyle.swift; sourceTree = "<group>"; };
		1666930F2B6785A9008F8850 /* CategoryRoundView.swift */ = {isa = PBXFileReference; lastKnownFileType = sourcecode.swift; path = CategoryRoundView.swift; sourceTree = "<group>"; };
		1668329B2B680BB000576DA5 /* MainView.swift */ = {isa = PBXFileReference; lastKnownFileType = sourcecode.swift; path = MainView.swift; sourceTree = "<group>"; };
		1668329D2B680C9A00576DA5 /* SettingsView.swift */ = {isa = PBXFileReference; lastKnownFileType = sourcecode.swift; path = SettingsView.swift; sourceTree = "<group>"; };
		166832A02B680EF900576DA5 /* CreateNoteView.swift */ = {isa = PBXFileReference; lastKnownFileType = sourcecode.swift; path = CreateNoteView.swift; sourceTree = "<group>"; };
		166A677D2B6D621700102BA5 /* CategoryView.swift */ = {isa = PBXFileReference; lastKnownFileType = sourcecode.swift; path = CategoryView.swift; sourceTree = "<group>"; };
		166A677F2B6D689200102BA5 /* CategoriesListView.swift */ = {isa = PBXFileReference; lastKnownFileType = sourcecode.swift; path = CategoriesListView.swift; sourceTree = "<group>"; };
		166A67852B6F914900102BA5 /* Repeatly.xcdatamodel */ = {isa = PBXFileReference; lastKnownFileType = wrapper.xcdatamodel; path = Repeatly.xcdatamodel; sourceTree = "<group>"; };
		169BFB942B65AB6000DEBEB6 /* SectionHeaderView.swift */ = {isa = PBXFileReference; lastKnownFileType = sourcecode.swift; path = SectionHeaderView.swift; sourceTree = "<group>"; };
		16A7DD4A2B7777820072A3F7 /* BorderedTextFieldStyle.swift */ = {isa = PBXFileReference; lastKnownFileType = sourcecode.swift; path = BorderedTextFieldStyle.swift; sourceTree = "<group>"; };
		16A7DD4C2B7784610072A3F7 /* TextEditor+Ext.swift */ = {isa = PBXFileReference; lastKnownFileType = sourcecode.swift; path = "TextEditor+Ext.swift"; sourceTree = "<group>"; };
/* End PBXFileReference section */

/* Begin PBXFrameworksBuildPhase section */
		162247D12B64F537007A61EF /* Frameworks */ = {
			isa = PBXFrameworksBuildPhase;
			buildActionMask = 2147483647;
			files = (
			);
			runOnlyForDeploymentPostprocessing = 0;
		};
/* End PBXFrameworksBuildPhase section */

/* Begin PBXGroup section */
		160ECD2B2B6B744D0025A1D6 /* Main */ = {
			isa = PBXGroup;
			children = (
				1668329B2B680BB000576DA5 /* MainView.swift */,
			);
			path = Main;
			sourceTree = "<group>";
		};
		160ECD342B6B7F300025A1D6 /* Storage */ = {
			isa = PBXGroup;
			children = (
				166A67842B6F914900102BA5 /* Repeatly.xcdatamodeld */,
				160ECD292B6B73530025A1D6 /* StorageManager.swift */,
				160ECD352B6B7F4D0025A1D6 /* Models */,
			);
			path = Storage;
			sourceTree = "<group>";
		};
		160ECD352B6B7F4D0025A1D6 /* Models */ = {
			isa = PBXGroup;
			children = (
				160ECD2F2B6B7E090025A1D6 /* Note+CoreData.swift */,
				160ECD2D2B6B7E090025A1D6 /* Category+CoreData.swift */,
				160ECD362B6BC2C50025A1D6 /* RepetitionList+CoreData.swift */,
			);
			path = Models;
			sourceTree = "<group>";
		};
		16110F332B6A661700471512 /* Views */ = {
			isa = PBXGroup;
			children = (
				169BFB942B65AB6000DEBEB6 /* SectionHeaderView.swift */,
				16110F2E2B6A58E300471512 /* MultilineTextView.swift */,
				16110F342B6A66C400471512 /* NavigationTopView.swift */,
				166A677F2B6D689200102BA5 /* CategoriesListView.swift */,
				166A677D2B6D621700102BA5 /* CategoryView.swift */,
				164870572B70C3E0000BD34B /* ListEmptyView.swift */,
				16110F382B6A6AFE00471512 /* StyleConfiguration */,
			);
			path = Views;
			sourceTree = "<group>";
		};
		16110F382B6A6AFE00471512 /* StyleConfiguration */ = {
			isa = PBXGroup;
			children = (
				16110F362B6A6AEE00471512 /* BackButtonStyle.swift */,
				164870592B70D015000BD34B /* MainButtonStyle.swift */,
				16A7DD4A2B7777820072A3F7 /* BorderedTextFieldStyle.swift */,
			);
			path = StyleConfiguration;
			sourceTree = "<group>";
		};
		162247CB2B64F537007A61EF = {
			isa = PBXGroup;
			children = (
				162247D62B64F537007A61EF /* Repeatly */,
				162247D52B64F537007A61EF /* Products */,
			);
			sourceTree = "<group>";
		};
		162247D52B64F537007A61EF /* Products */ = {
			isa = PBXGroup;
			children = (
				162247D42B64F537007A61EF /* Repeatly.app */,
			);
			name = Products;
			sourceTree = "<group>";
		};
		162247D62B64F537007A61EF /* Repeatly */ = {
			isa = PBXGroup;
			children = (
				162247FC2B650C8D007A61EF /* Common */,
				16770D812B65C8D1000E0CAC /* CoreLayer */,
				162247EA2B6500B9007A61EF /* Modules */,
				162247F22B650C42007A61EF /* Resources */,
				162248002B650EAA007A61EF /* Info.plist */,
				162247DD2B64F538007A61EF /* Preview Content */,
			);
			path = Repeatly;
			sourceTree = "<group>";
		};
		162247DD2B64F538007A61EF /* Preview Content */ = {
			isa = PBXGroup;
			children = (
				162247DE2B64F538007A61EF /* Preview Assets.xcassets */,
			);
			path = "Preview Content";
			sourceTree = "<group>";
		};
		162247EA2B6500B9007A61EF /* Modules */ = {
			isa = PBXGroup;
			children = (
				16770D802B65C8AA000E0CAC /* App */,
				160ECD2B2B6B744D0025A1D6 /* Main */,
				162247EB2B6500C9007A61EF /* Home */,
				166832A22B680F0600576DA5 /* CreateNote */,
				1668329F2B680C9D00576DA5 /* Settings */,
			);
			path = Modules;
			sourceTree = "<group>";
		};
		162247EB2B6500C9007A61EF /* Home */ = {
			isa = PBXGroup;
			children = (
				162247EE2B650A55007A61EF /* Views */,
				162247EC2B6500EC007A61EF /* HomeView.swift */,
			);
			path = Home;
			sourceTree = "<group>";
		};
		162247EE2B650A55007A61EF /* Views */ = {
			isa = PBXGroup;
			children = (
				162248012B65156A007A61EF /* CardView.swift */,
				1666930F2B6785A9008F8850 /* CategoryRoundView.swift */,
			);
			path = Views;
			sourceTree = "<group>";
		};
		162247F22B650C42007A61EF /* Resources */ = {
			isa = PBXGroup;
			children = (
				162247F32B650C55007A61EF /* Fonts */,
				162247DB2B64F538007A61EF /* Assets.xcassets */,
			);
			path = Resources;
			sourceTree = "<group>";
		};
		162247F32B650C55007A61EF /* Fonts */ = {
			isa = PBXGroup;
			children = (
				162247F42B650C64007A61EF /* Gilroy-Regular.otf */,
				162247F72B650C64007A61EF /* Gilroy-Medium.otf */,
				162248032B65194D007A61EF /* Gilroy-SemiBold.otf */,
				162247F62B650C64007A61EF /* Gilroy-Bold.otf */,
			);
			path = Fonts;
			sourceTree = "<group>";
		};
		162247FC2B650C8D007A61EF /* Common */ = {
			isa = PBXGroup;
			children = (
				16110F332B6A661700471512 /* Views */,
				162247FD2B650C93007A61EF /* Extensions */,
			);
			path = Common;
			sourceTree = "<group>";
		};
		162247FD2B650C93007A61EF /* Extensions */ = {
			isa = PBXGroup;
			children = (
				162247FE2B650E60007A61EF /* Font+Ext.swift */,
				162248052B657B5A007A61EF /* Color+Ext.swift */,
				16110F302B6A624600471512 /* View+Ext.swift */,
				16A7DD4C2B7784610072A3F7 /* TextEditor+Ext.swift */,
			);
			path = Extensions;
			sourceTree = "<group>";
		};
		1668329F2B680C9D00576DA5 /* Settings */ = {
			isa = PBXGroup;
			children = (
				1668329D2B680C9A00576DA5 /* SettingsView.swift */,
			);
			name = Settings;
			sourceTree = "<group>";
		};
		166832A22B680F0600576DA5 /* CreateNote */ = {
			isa = PBXGroup;
			children = (
				166832A02B680EF900576DA5 /* CreateNoteView.swift */,
			);
			path = CreateNote;
			sourceTree = "<group>";
		};
		16770D802B65C8AA000E0CAC /* App */ = {
			isa = PBXGroup;
			children = (
				162247D72B64F537007A61EF /* RepeatlyApp.swift */,
			);
			path = App;
			sourceTree = "<group>";
		};
		16770D812B65C8D1000E0CAC /* CoreLayer */ = {
			isa = PBXGroup;
			children = (
				160ECD342B6B7F300025A1D6 /* Storage */,
			);
			path = CoreLayer;
			sourceTree = "<group>";
		};
/* End PBXGroup section */

/* Begin PBXNativeTarget section */
		162247D32B64F537007A61EF /* Repeatly */ = {
			isa = PBXNativeTarget;
			buildConfigurationList = 162247E72B64F538007A61EF /* Build configuration list for PBXNativeTarget "Repeatly" */;
			buildPhases = (
				162247D02B64F537007A61EF /* Sources */,
				162247D12B64F537007A61EF /* Frameworks */,
				162247D22B64F537007A61EF /* Resources */,
			);
			buildRules = (
			);
			dependencies = (
			);
			name = Repeatly;
			productName = Repeatly;
			productReference = 162247D42B64F537007A61EF /* Repeatly.app */;
			productType = "com.apple.product-type.application";
		};
/* End PBXNativeTarget section */

/* Begin PBXProject section */
		162247CC2B64F537007A61EF /* Project object */ = {
			isa = PBXProject;
			attributes = {
				BuildIndependentTargetsInParallel = 1;
				LastSwiftUpdateCheck = 1430;
				LastUpgradeCheck = 1430;
				TargetAttributes = {
					162247D32B64F537007A61EF = {
						CreatedOnToolsVersion = 14.3.1;
					};
				};
			};
			buildConfigurationList = 162247CF2B64F537007A61EF /* Build configuration list for PBXProject "Repeatly" */;
			compatibilityVersion = "Xcode 14.0";
			developmentRegion = en;
			hasScannedForEncodings = 0;
			knownRegions = (
				en,
				Base,
			);
			mainGroup = 162247CB2B64F537007A61EF;
			productRefGroup = 162247D52B64F537007A61EF /* Products */;
			projectDirPath = "";
			projectRoot = "";
			targets = (
				162247D32B64F537007A61EF /* Repeatly */,
			);
		};
/* End PBXProject section */

/* Begin PBXResourcesBuildPhase section */
		162247D22B64F537007A61EF /* Resources */ = {
			isa = PBXResourcesBuildPhase;
			buildActionMask = 2147483647;
			files = (
				162247F82B650C64007A61EF /* Gilroy-Regular.otf in Resources */,
				162247DF2B64F538007A61EF /* Preview Assets.xcassets in Resources */,
				162247FA2B650C64007A61EF /* Gilroy-Bold.otf in Resources */,
				162247FB2B650C64007A61EF /* Gilroy-Medium.otf in Resources */,
				162248042B65194D007A61EF /* Gilroy-SemiBold.otf in Resources */,
				162247DC2B64F538007A61EF /* Assets.xcassets in Resources */,
			);
			runOnlyForDeploymentPostprocessing = 0;
		};
/* End PBXResourcesBuildPhase section */

/* Begin PBXSourcesBuildPhase section */
		162247D02B64F537007A61EF /* Sources */ = {
			isa = PBXSourcesBuildPhase;
			buildActionMask = 2147483647;
			files = (
				16110F352B6A66C400471512 /* NavigationTopView.swift in Sources */,
				1668329C2B680BB000576DA5 /* MainView.swift in Sources */,
				164870582B70C3E0000BD34B /* ListEmptyView.swift in Sources */,
				160ECD2A2B6B73530025A1D6 /* StorageManager.swift in Sources */,
				16110F372B6A6AEE00471512 /* BackButtonStyle.swift in Sources */,
				166A67802B6D689200102BA5 /* CategoriesListView.swift in Sources */,
				166A67862B6F914900102BA5 /* Repeatly.xcdatamodeld in Sources */,
				16A7DD4D2B7784610072A3F7 /* TextEditor+Ext.swift in Sources */,
				1648705A2B70D015000BD34B /* MainButtonStyle.swift in Sources */,
				16110F312B6A624600471512 /* View+Ext.swift in Sources */,
				166A677E2B6D621700102BA5 /* CategoryView.swift in Sources */,
				166832A12B680EF900576DA5 /* CreateNoteView.swift in Sources */,
				160ECD332B6B7E090025A1D6 /* Note+CoreData.swift in Sources */,
				162247FF2B650E60007A61EF /* Font+Ext.swift in Sources */,
				162248062B657B5A007A61EF /* Color+Ext.swift in Sources */,
				16110F2F2B6A58E300471512 /* MultilineTextView.swift in Sources */,
				162248022B65156A007A61EF /* CardView.swift in Sources */,
				160ECD372B6BC2C50025A1D6 /* RepetitionList+CoreData.swift in Sources */,
				166693102B6785A9008F8850 /* CategoryRoundView.swift in Sources */,
				162247D82B64F537007A61EF /* RepeatlyApp.swift in Sources */,
				160ECD312B6B7E090025A1D6 /* Category+CoreData.swift in Sources */,
				169BFB952B65AB6000DEBEB6 /* SectionHeaderView.swift in Sources */,
				162247ED2B6500EC007A61EF /* HomeView.swift in Sources */,
				16A7DD4B2B7777820072A3F7 /* BorderedTextFieldStyle.swift in Sources */,
				1668329E2B680C9A00576DA5 /* SettingsView.swift in Sources */,
			);
			runOnlyForDeploymentPostprocessing = 0;
		};
/* End PBXSourcesBuildPhase section */

/* Begin XCBuildConfiguration section */
		162247E52B64F538007A61EF /* Debug */ = {
			isa = XCBuildConfiguration;
			buildSettings = {
				ALWAYS_SEARCH_USER_PATHS = NO;
				CLANG_ANALYZER_NONNULL = YES;
				CLANG_ANALYZER_NUMBER_OBJECT_CONVERSION = YES_AGGRESSIVE;
				CLANG_CXX_LANGUAGE_STANDARD = "gnu++20";
				CLANG_ENABLE_MODULES = YES;
				CLANG_ENABLE_OBJC_ARC = YES;
				CLANG_ENABLE_OBJC_WEAK = YES;
				CLANG_WARN_BLOCK_CAPTURE_AUTORELEASING = YES;
				CLANG_WARN_BOOL_CONVERSION = YES;
				CLANG_WARN_COMMA = YES;
				CLANG_WARN_CONSTANT_CONVERSION = YES;
				CLANG_WARN_DEPRECATED_OBJC_IMPLEMENTATIONS = YES;
				CLANG_WARN_DIRECT_OBJC_ISA_USAGE = YES_ERROR;
				CLANG_WARN_DOCUMENTATION_COMMENTS = YES;
				CLANG_WARN_EMPTY_BODY = YES;
				CLANG_WARN_ENUM_CONVERSION = YES;
				CLANG_WARN_INFINITE_RECURSION = YES;
				CLANG_WARN_INT_CONVERSION = YES;
				CLANG_WARN_NON_LITERAL_NULL_CONVERSION = YES;
				CLANG_WARN_OBJC_IMPLICIT_RETAIN_SELF = YES;
				CLANG_WARN_OBJC_LITERAL_CONVERSION = YES;
				CLANG_WARN_OBJC_ROOT_CLASS = YES_ERROR;
				CLANG_WARN_QUOTED_INCLUDE_IN_FRAMEWORK_HEADER = YES;
				CLANG_WARN_RANGE_LOOP_ANALYSIS = YES;
				CLANG_WARN_STRICT_PROTOTYPES = YES;
				CLANG_WARN_SUSPICIOUS_MOVE = YES;
				CLANG_WARN_UNGUARDED_AVAILABILITY = YES_AGGRESSIVE;
				CLANG_WARN_UNREACHABLE_CODE = YES;
				CLANG_WARN__DUPLICATE_METHOD_MATCH = YES;
				COPY_PHASE_STRIP = NO;
				DEBUG_INFORMATION_FORMAT = dwarf;
				ENABLE_STRICT_OBJC_MSGSEND = YES;
				ENABLE_TESTABILITY = YES;
				GCC_C_LANGUAGE_STANDARD = gnu11;
				GCC_DYNAMIC_NO_PIC = NO;
				GCC_NO_COMMON_BLOCKS = YES;
				GCC_OPTIMIZATION_LEVEL = 0;
				GCC_PREPROCESSOR_DEFINITIONS = (
					"DEBUG=1",
					"$(inherited)",
				);
				GCC_WARN_64_TO_32_BIT_CONVERSION = YES;
				GCC_WARN_ABOUT_RETURN_TYPE = YES_ERROR;
				GCC_WARN_UNDECLARED_SELECTOR = YES;
				GCC_WARN_UNINITIALIZED_AUTOS = YES_AGGRESSIVE;
				GCC_WARN_UNUSED_FUNCTION = YES;
				GCC_WARN_UNUSED_VARIABLE = YES;
				IPHONEOS_DEPLOYMENT_TARGET = 15.0;
				MTL_ENABLE_DEBUG_INFO = INCLUDE_SOURCE;
				MTL_FAST_MATH = YES;
				ONLY_ACTIVE_ARCH = YES;
				SDKROOT = iphoneos;
				SWIFT_ACTIVE_COMPILATION_CONDITIONS = DEBUG;
				SWIFT_OPTIMIZATION_LEVEL = "-Onone";
			};
			name = Debug;
		};
		162247E62B64F538007A61EF /* Release */ = {
			isa = XCBuildConfiguration;
			buildSettings = {
				ALWAYS_SEARCH_USER_PATHS = NO;
				CLANG_ANALYZER_NONNULL = YES;
				CLANG_ANALYZER_NUMBER_OBJECT_CONVERSION = YES_AGGRESSIVE;
				CLANG_CXX_LANGUAGE_STANDARD = "gnu++20";
				CLANG_ENABLE_MODULES = YES;
				CLANG_ENABLE_OBJC_ARC = YES;
				CLANG_ENABLE_OBJC_WEAK = YES;
				CLANG_WARN_BLOCK_CAPTURE_AUTORELEASING = YES;
				CLANG_WARN_BOOL_CONVERSION = YES;
				CLANG_WARN_COMMA = YES;
				CLANG_WARN_CONSTANT_CONVERSION = YES;
				CLANG_WARN_DEPRECATED_OBJC_IMPLEMENTATIONS = YES;
				CLANG_WARN_DIRECT_OBJC_ISA_USAGE = YES_ERROR;
				CLANG_WARN_DOCUMENTATION_COMMENTS = YES;
				CLANG_WARN_EMPTY_BODY = YES;
				CLANG_WARN_ENUM_CONVERSION = YES;
				CLANG_WARN_INFINITE_RECURSION = YES;
				CLANG_WARN_INT_CONVERSION = YES;
				CLANG_WARN_NON_LITERAL_NULL_CONVERSION = YES;
				CLANG_WARN_OBJC_IMPLICIT_RETAIN_SELF = YES;
				CLANG_WARN_OBJC_LITERAL_CONVERSION = YES;
				CLANG_WARN_OBJC_ROOT_CLASS = YES_ERROR;
				CLANG_WARN_QUOTED_INCLUDE_IN_FRAMEWORK_HEADER = YES;
				CLANG_WARN_RANGE_LOOP_ANALYSIS = YES;
				CLANG_WARN_STRICT_PROTOTYPES = YES;
				CLANG_WARN_SUSPICIOUS_MOVE = YES;
				CLANG_WARN_UNGUARDED_AVAILABILITY = YES_AGGRESSIVE;
				CLANG_WARN_UNREACHABLE_CODE = YES;
				CLANG_WARN__DUPLICATE_METHOD_MATCH = YES;
				COPY_PHASE_STRIP = NO;
				DEBUG_INFORMATION_FORMAT = "dwarf-with-dsym";
				ENABLE_NS_ASSERTIONS = NO;
				ENABLE_STRICT_OBJC_MSGSEND = YES;
				GCC_C_LANGUAGE_STANDARD = gnu11;
				GCC_NO_COMMON_BLOCKS = YES;
				GCC_WARN_64_TO_32_BIT_CONVERSION = YES;
				GCC_WARN_ABOUT_RETURN_TYPE = YES_ERROR;
				GCC_WARN_UNDECLARED_SELECTOR = YES;
				GCC_WARN_UNINITIALIZED_AUTOS = YES_AGGRESSIVE;
				GCC_WARN_UNUSED_FUNCTION = YES;
				GCC_WARN_UNUSED_VARIABLE = YES;
				IPHONEOS_DEPLOYMENT_TARGET = 15.0;
				MTL_ENABLE_DEBUG_INFO = NO;
				MTL_FAST_MATH = YES;
				SDKROOT = iphoneos;
				SWIFT_COMPILATION_MODE = wholemodule;
				SWIFT_OPTIMIZATION_LEVEL = "-O";
				VALIDATE_PRODUCT = YES;
			};
			name = Release;
		};
		162247E82B64F538007A61EF /* Debug */ = {
			isa = XCBuildConfiguration;
			buildSettings = {
				ASSETCATALOG_COMPILER_APPICON_NAME = AppIcon;
				ASSETCATALOG_COMPILER_GLOBAL_ACCENT_COLOR_NAME = AccentColor;
				CODE_SIGN_STYLE = Automatic;
				CURRENT_PROJECT_VERSION = 1;
				DEVELOPMENT_ASSET_PATHS = "\"Repeatly/Preview Content\"";
				DEVELOPMENT_TEAM = 67QQ5H3P35;
				ENABLE_PREVIEWS = YES;
				GENERATE_INFOPLIST_FILE = YES;
				INFOPLIST_FILE = Repeatly/Info.plist;
				INFOPLIST_KEY_UIApplicationSceneManifest_Generation = YES;
				INFOPLIST_KEY_UIApplicationSupportsIndirectInputEvents = YES;
				INFOPLIST_KEY_UILaunchScreen_Generation = YES;
				INFOPLIST_KEY_UISupportedInterfaceOrientations = UIInterfaceOrientationPortrait;
				INFOPLIST_KEY_UISupportedInterfaceOrientations_iPad = "UIInterfaceOrientationLandscapeLeft UIInterfaceOrientationLandscapeRight UIInterfaceOrientationPortrait";
				IPHONEOS_DEPLOYMENT_TARGET = 15.0;
				LD_RUNPATH_SEARCH_PATHS = (
					"$(inherited)",
					"@executable_path/Frameworks",
				);
				MARKETING_VERSION = 1.0;
				PRODUCT_BUNDLE_IDENTIFIER = com.app.Repeatly;
				PRODUCT_NAME = "$(TARGET_NAME)";
				SWIFT_EMIT_LOC_STRINGS = YES;
				SWIFT_VERSION = 5.0;
				TARGETED_DEVICE_FAMILY = "1,2";
			};
			name = Debug;
		};
		162247E92B64F538007A61EF /* Release */ = {
			isa = XCBuildConfiguration;
			buildSettings = {
				ASSETCATALOG_COMPILER_APPICON_NAME = AppIcon;
				ASSETCATALOG_COMPILER_GLOBAL_ACCENT_COLOR_NAME = AccentColor;
				CODE_SIGN_STYLE = Automatic;
				CURRENT_PROJECT_VERSION = 1;
				DEVELOPMENT_ASSET_PATHS = "\"Repeatly/Preview Content\"";
				DEVELOPMENT_TEAM = 67QQ5H3P35;
				ENABLE_PREVIEWS = YES;
				GENERATE_INFOPLIST_FILE = YES;
				INFOPLIST_FILE = Repeatly/Info.plist;
				INFOPLIST_KEY_UIApplicationSceneManifest_Generation = YES;
				INFOPLIST_KEY_UIApplicationSupportsIndirectInputEvents = YES;
				INFOPLIST_KEY_UILaunchScreen_Generation = YES;
				INFOPLIST_KEY_UISupportedInterfaceOrientations = UIInterfaceOrientationPortrait;
				INFOPLIST_KEY_UISupportedInterfaceOrientations_iPad = "UIInterfaceOrientationLandscapeLeft UIInterfaceOrientationLandscapeRight UIInterfaceOrientationPortrait";
				IPHONEOS_DEPLOYMENT_TARGET = 15.0;
				LD_RUNPATH_SEARCH_PATHS = (
					"$(inherited)",
					"@executable_path/Frameworks",
				);
				MARKETING_VERSION = 1.0;
				PRODUCT_BUNDLE_IDENTIFIER = com.app.Repeatly;
				PRODUCT_NAME = "$(TARGET_NAME)";
				SWIFT_EMIT_LOC_STRINGS = YES;
				SWIFT_VERSION = 5.0;
				TARGETED_DEVICE_FAMILY = "1,2";
			};
			name = Release;
		};
/* End XCBuildConfiguration section */

/* Begin XCConfigurationList section */
		162247CF2B64F537007A61EF /* Build configuration list for PBXProject "Repeatly" */ = {
			isa = XCConfigurationList;
			buildConfigurations = (
				162247E52B64F538007A61EF /* Debug */,
				162247E62B64F538007A61EF /* Release */,
			);
			defaultConfigurationIsVisible = 0;
			defaultConfigurationName = Release;
		};
		162247E72B64F538007A61EF /* Build configuration list for PBXNativeTarget "Repeatly" */ = {
			isa = XCConfigurationList;
			buildConfigurations = (
				162247E82B64F538007A61EF /* Debug */,
				162247E92B64F538007A61EF /* Release */,
			);
			defaultConfigurationIsVisible = 0;
			defaultConfigurationName = Release;
		};
/* End XCConfigurationList section */

/* Begin XCVersionGroup section */
		166A67842B6F914900102BA5 /* Repeatly.xcdatamodeld */ = {
			isa = XCVersionGroup;
			children = (
				166A67852B6F914900102BA5 /* Repeatly.xcdatamodel */,
			);
			currentVersion = 166A67852B6F914900102BA5 /* Repeatly.xcdatamodel */;
			name = Repeatly.xcdatamodeld;
			path = ../Repeatly.xcdatamodeld;
			sourceTree = "<group>";
			versionGroupType = wrapper.xcdatamodel;
		};
/* End XCVersionGroup section */
	};
	rootObject = 162247CC2B64F537007A61EF /* Project object */;
}
